
Microsoft Visual Studio Solution File, Format Version 11.00
# Visual Studio 2010
Project("{FAE04EC0-301F-11D3-BF4B-00C04F79EFBC}") = "chat_client", "chat_client\chat_client.csproj", "{2CA5174B-BD2D-4C57-A3F7-E6097AB58C65}"
EndProject
Global
	GlobalSection(SolutionConfigurationPlatforms) = preSolution
		Debug|x86 = Debug|x86
		Release|x86 = Release|x86
	EndGlobalSection
	GlobalSection(ProjectConfigurationPlatforms) = postSolution
		{2CA5174B-BD2D-4C57-A3F7-E6097AB58C65}.Debug|x86.ActiveCfg = Debug|x86
		{2CA5174B-BD2D-4C57-A3F7-E6097AB58C65}.Debug|x86.Build.0 = Debug|x86
		{2CA5174B-BD2D-4C57-A3F7-E6097AB58C65}.Release|x86.ActiveCfg = Release|x86
		{2CA5174B-BD2D-4C57-A3F7-E6097AB58C65}.Release|x86.Build.0 = Release|x86
	EndGlobalSection
	GlobalSection(SolutionProperties) = preSolution
		HideSolutionNode = FALSE
	EndGlobalSection
EndGlobal
